
Microsoft Visual Studio Solution File, Format Version 12.00
# Visual Studio Version 16
VisualStudioVersion = 16.0.28822.285
MinimumVisualStudioVersion = 10.0.40219.1
Project("{9A19103F-16F7-4668-BE54-9A1E7A4F7556}") = "RaspberryPiFCS", "RaspberryPiFCS\RaspberryPiFCS.csproj", "{7CF6142E-849A-45D1-A54D-BC1C1FD48551}"
EndProject
Project("{9A19103F-16F7-4668-BE54-9A1E7A4F7556}") = "RaspberryPiFCSTest", "RaspberryPiFCSTest\RaspberryPiFCSTest.csproj", "{C6E025EE-DD6F-48FD-9408-4ADE3B6DC1FA}"
EndProject
Project("{9A19103F-16F7-4668-BE54-9A1E7A4F7556}") = "TestConsole", "TestConsole\TestConsole.csproj", "{DD0FDA32-339C-47ED-AAD2-6765DB30BAC5}"
	ProjectSection(ProjectDependencies) = postProject
		{7CF6142E-849A-45D1-A54D-BC1C1FD48551} = {7CF6142E-849A-45D1-A54D-BC1C1FD48551}
	EndProjectSection
EndProject
Project("{FAE04EC0-301F-11D3-BF4B-00C04F79EFBC}") = "RaspberryPiClient", "RaspberryPiClient\RaspberryPiClient.csproj", "{CA1AA825-C0FA-4753-8578-8200719B6730}"
EndProject
Project("{9A19103F-16F7-4668-BE54-9A1E7A4F7556}") = "RaspberryPiClientTest", "Unit\RaspberryPiClientTest.csproj", "{457594C2-B275-4F34-A762-4380031A94C0}"
EndProject
Project("{2150E333-8FDC-42A3-9474-1A3956D46DE8}") = "Test", "Test", "{68816C49-09C2-43C4-931D-7060245F6AA7}"
EndProject
Project("{9A19103F-16F7-4668-BE54-9A1E7A4F7556}") = "Mavlink", "Mavlink\Mavlink.csproj", "{9F867DD2-7B8B-4352-BE3A-2AD8F9DD80AF}"
EndProject
Project("{FAE04EC0-301F-11D3-BF4B-00C04F79EFBC}") = "PlaneInstrumentControlLibrary", "PlaneInstrumentControlLibrary\PlaneInstrumentControlLibrary.csproj", "{706F6A84-D85D-410A-806D-1EBFDC3A3C91}"
EndProject
Project("{FAE04EC0-301F-11D3-BF4B-00C04F79EFBC}") = "GMap.NET.Core", "GMap.NET.Core\GMap.NET.Core.csproj", "{D0C39D9D-BED0-418B-9A5E-713176CAF40C}"
EndProject
Project("{FAE04EC0-301F-11D3-BF4B-00C04F79EFBC}") = "GMap.NET.WindowsForms", "GMap.NET.WindowsForms\GMap.NET.WindowsForms.csproj", "{E06DEF77-F933-42FB-AFD7-DB2D0D8D6A98}"
EndProject
Project("{FAE04EC0-301F-11D3-BF4B-00C04F79EFBC}") = "GMap.NET.WindowsPresentation", "GMap.NET.WindowsPresentation\GMap.NET.WindowsPresentation.csproj", "{644FE7D4-0184-400F-B2D7-99CB41360658}"
EndProject
Project("{9A19103F-16F7-4668-BE54-9A1E7A4F7556}") = "HelperLib", "HelperLib\HelperLib.csproj", "{6E45F1A3-D3CD-47EB-99D4-FD3BD558CB87}"
EndProject
Project("{9A19103F-16F7-4668-BE54-9A1E7A4F7556}") = "FlightData", "FlightData\FlightData.csproj", "{FEFCA397-D55A-477D-A165-2954E1C64557}"
EndProject
Global
	GlobalSection(SolutionConfigurationPlatforms) = preSolution
		Debug|Any CPU = Debug|Any CPU
		Release|Any CPU = Release|Any CPU
		v4.0-Debug|Any CPU = v4.0-Debug|Any CPU
		v4.0-Release|Any CPU = v4.0-Release|Any CPU
	EndGlobalSection
	GlobalSection(ProjectConfigurationPlatforms) = postSolution
		{7CF6142E-849A-45D1-A54D-BC1C1FD48551}.Debug|Any CPU.ActiveCfg = Debug|Any CPU
		{7CF6142E-849A-45D1-A54D-BC1C1FD48551}.Debug|Any CPU.Build.0 = Debug|Any CPU
		{7CF6142E-849A-45D1-A54D-BC1C1FD48551}.Release|Any CPU.ActiveCfg = Release|Any CPU
		{7CF6142E-849A-45D1-A54D-BC1C1FD48551}.Release|Any CPU.Build.0 = Release|Any CPU
		{7CF6142E-849A-45D1-A54D-BC1C1FD48551}.v4.0-Debug|Any CPU.ActiveCfg = Debug|Any CPU
		{7CF6142E-849A-45D1-A54D-BC1C1FD48551}.v4.0-Debug|Any CPU.Build.0 = Debug|Any CPU
		{7CF6142E-849A-45D1-A54D-BC1C1FD48551}.v4.0-Release|Any CPU.ActiveCfg = Release|Any CPU
		{7CF6142E-849A-45D1-A54D-BC1C1FD48551}.v4.0-Release|Any CPU.Build.0 = Release|Any CPU
		{C6E025EE-DD6F-48FD-9408-4ADE3B6DC1FA}.Debug|Any CPU.ActiveCfg = Debug|Any CPU
		{C6E025EE-DD6F-48FD-9408-4ADE3B6DC1FA}.Debug|Any CPU.Build.0 = Debug|Any CPU
		{C6E025EE-DD6F-48FD-9408-4ADE3B6DC1FA}.Release|Any CPU.ActiveCfg = Release|Any CPU
		{C6E025EE-DD6F-48FD-9408-4ADE3B6DC1FA}.Release|Any CPU.Build.0 = Release|Any CPU
		{C6E025EE-DD6F-48FD-9408-4ADE3B6DC1FA}.v4.0-Debug|Any CPU.ActiveCfg = Debug|Any CPU
		{C6E025EE-DD6F-48FD-9408-4ADE3B6DC1FA}.v4.0-Debug|Any CPU.Build.0 = Debug|Any CPU
		{C6E025EE-DD6F-48FD-9408-4ADE3B6DC1FA}.v4.0-Release|Any CPU.ActiveCfg = Release|Any CPU
		{C6E025EE-DD6F-48FD-9408-4ADE3B6DC1FA}.v4.0-Release|Any CPU.Build.0 = Release|Any CPU
		{DD0FDA32-339C-47ED-AAD2-6765DB30BAC5}.Debug|Any CPU.ActiveCfg = Debug|Any CPU
		{DD0FDA32-339C-47ED-AAD2-6765DB30BAC5}.Debug|Any CPU.Build.0 = Debug|Any CPU
		{DD0FDA32-339C-47ED-AAD2-6765DB30BAC5}.Release|Any CPU.ActiveCfg = Release|Any CPU
		{DD0FDA32-339C-47ED-AAD2-6765DB30BAC5}.Release|Any CPU.Build.0 = Release|Any CPU
		{DD0FDA32-339C-47ED-AAD2-6765DB30BAC5}.v4.0-Debug|Any CPU.ActiveCfg = Debug|Any CPU
		{DD0FDA32-339C-47ED-AAD2-6765DB30BAC5}.v4.0-Debug|Any CPU.Build.0 = Debug|Any CPU
		{DD0FDA32-339C-47ED-AAD2-6765DB30BAC5}.v4.0-Release|Any CPU.ActiveCfg = Release|Any CPU
		{DD0FDA32-339C-47ED-AAD2-6765DB30BAC5}.v4.0-Release|Any CPU.Build.0 = Release|Any CPU
		{CA1AA825-C0FA-4753-8578-8200719B6730}.Debug|Any CPU.ActiveCfg = Debug|Any CPU
		{CA1AA825-C0FA-4753-8578-8200719B6730}.Debug|Any CPU.Build.0 = Debug|Any CPU
		{CA1AA825-C0FA-4753-8578-8200719B6730}.Release|Any CPU.ActiveCfg = Release|Any CPU
		{CA1AA825-C0FA-4753-8578-8200719B6730}.Release|Any CPU.Build.0 = Release|Any CPU
		{CA1AA825-C0FA-4753-8578-8200719B6730}.v4.0-Debug|Any CPU.ActiveCfg = Debug|Any CPU
		{CA1AA825-C0FA-4753-8578-8200719B6730}.v4.0-Debug|Any CPU.Build.0 = Debug|Any CPU
		{CA1AA825-C0FA-4753-8578-8200719B6730}.v4.0-Release|Any CPU.ActiveCfg = Release|Any CPU
		{CA1AA825-C0FA-4753-8578-8200719B6730}.v4.0-Release|Any CPU.Build.0 = Release|Any CPU
		{457594C2-B275-4F34-A762-4380031A94C0}.Debug|Any CPU.ActiveCfg = Debug|Any CPU
		{457594C2-B275-4F34-A762-4380031A94C0}.Debug|Any CPU.Build.0 = Debug|Any CPU
		{457594C2-B275-4F34-A762-4380031A94C0}.Release|Any CPU.ActiveCfg = Release|Any CPU
		{457594C2-B275-4F34-A762-4380031A94C0}.Release|Any CPU.Build.0 = Release|Any CPU
		{457594C2-B275-4F34-A762-4380031A94C0}.v4.0-Debug|Any CPU.ActiveCfg = Debug|Any CPU
		{457594C2-B275-4F34-A762-4380031A94C0}.v4.0-Debug|Any CPU.Build.0 = Debug|Any CPU
		{457594C2-B275-4F34-A762-4380031A94C0}.v4.0-Release|Any CPU.ActiveCfg = Release|Any CPU
		{457594C2-B275-4F34-A762-4380031A94C0}.v4.0-Release|Any CPU.Build.0 = Release|Any CPU
		{9F867DD2-7B8B-4352-BE3A-2AD8F9DD80AF}.Debug|Any CPU.ActiveCfg = Debug|Any CPU
		{9F867DD2-7B8B-4352-BE3A-2AD8F9DD80AF}.Debug|Any CPU.Build.0 = Debug|Any CPU
		{9F867DD2-7B8B-4352-BE3A-2AD8F9DD80AF}.Release|Any CPU.ActiveCfg = Release|Any CPU
		{9F867DD2-7B8B-4352-BE3A-2AD8F9DD80AF}.Release|Any CPU.Build.0 = Release|Any CPU
		{9F867DD2-7B8B-4352-BE3A-2AD8F9DD80AF}.v4.0-Debug|Any CPU.ActiveCfg = Debug|Any CPU
		{9F867DD2-7B8B-4352-BE3A-2AD8F9DD80AF}.v4.0-Debug|Any CPU.Build.0 = Debug|Any CPU
		{9F867DD2-7B8B-4352-BE3A-2AD8F9DD80AF}.v4.0-Release|Any CPU.ActiveCfg = Release|Any CPU
		{9F867DD2-7B8B-4352-BE3A-2AD8F9DD80AF}.v4.0-Release|Any CPU.Build.0 = Release|Any CPU
		{706F6A84-D85D-410A-806D-1EBFDC3A3C91}.Debug|Any CPU.ActiveCfg = Debug|Any CPU
		{706F6A84-D85D-410A-806D-1EBFDC3A3C91}.Debug|Any CPU.Build.0 = Debug|Any CPU
		{706F6A84-D85D-410A-806D-1EBFDC3A3C91}.Release|Any CPU.ActiveCfg = Release|Any CPU
		{706F6A84-D85D-410A-806D-1EBFDC3A3C91}.Release|Any CPU.Build.0 = Release|Any CPU
		{706F6A84-D85D-410A-806D-1EBFDC3A3C91}.v4.0-Debug|Any CPU.ActiveCfg = Debug|Any CPU
		{706F6A84-D85D-410A-806D-1EBFDC3A3C91}.v4.0-Debug|Any CPU.Build.0 = Debug|Any CPU
		{706F6A84-D85D-410A-806D-1EBFDC3A3C91}.v4.0-Release|Any CPU.ActiveCfg = Release|Any CPU
		{706F6A84-D85D-410A-806D-1EBFDC3A3C91}.v4.0-Release|Any CPU.Build.0 = Release|Any CPU
		{D0C39D9D-BED0-418B-9A5E-713176CAF40C}.Debug|Any CPU.ActiveCfg = Debug|Any CPU
		{D0C39D9D-BED0-418B-9A5E-713176CAF40C}.Debug|Any CPU.Build.0 = Debug|Any CPU
		{D0C39D9D-BED0-418B-9A5E-713176CAF40C}.Release|Any CPU.ActiveCfg = Release|Any CPU
		{D0C39D9D-BED0-418B-9A5E-713176CAF40C}.Release|Any CPU.Build.0 = Release|Any CPU
		{D0C39D9D-BED0-418B-9A5E-713176CAF40C}.v4.0-Debug|Any CPU.ActiveCfg = v4.0-Debug|Any CPU
		{D0C39D9D-BED0-418B-9A5E-713176CAF40C}.v4.0-Debug|Any CPU.Build.0 = v4.0-Debug|Any CPU
		{D0C39D9D-BED0-418B-9A5E-713176CAF40C}.v4.0-Release|Any CPU.ActiveCfg = v4.0-Release|Any CPU
		{D0C39D9D-BED0-418B-9A5E-713176CAF40C}.v4.0-Release|Any CPU.Build.0 = v4.0-Release|Any CPU
		{E06DEF77-F933-42FB-AFD7-DB2D0D8D6A98}.Debug|Any CPU.ActiveCfg = Debug|Any CPU
		{E06DEF77-F933-42FB-AFD7-DB2D0D8D6A98}.Debug|Any CPU.Build.0 = Debug|Any CPU
		{E06DEF77-F933-42FB-AFD7-DB2D0D8D6A98}.Release|Any CPU.ActiveCfg = Release|Any CPU
		{E06DEF77-F933-42FB-AFD7-DB2D0D8D6A98}.Release|Any CPU.Build.0 = Release|Any CPU
		{E06DEF77-F933-42FB-AFD7-DB2D0D8D6A98}.v4.0-Debug|Any CPU.ActiveCfg = v4.0-Debug|Any CPU
		{E06DEF77-F933-42FB-AFD7-DB2D0D8D6A98}.v4.0-Debug|Any CPU.Build.0 = v4.0-Debug|Any CPU
		{E06DEF77-F933-42FB-AFD7-DB2D0D8D6A98}.v4.0-Release|Any CPU.ActiveCfg = v4.0-Release|Any CPU
		{E06DEF77-F933-42FB-AFD7-DB2D0D8D6A98}.v4.0-Release|Any CPU.Build.0 = v4.0-Release|Any CPU
		{644FE7D4-0184-400F-B2D7-99CB41360658}.Debug|Any CPU.ActiveCfg = Debug|Any CPU
		{644FE7D4-0184-400F-B2D7-99CB41360658}.Debug|Any CPU.Build.0 = Debug|Any CPU
		{644FE7D4-0184-400F-B2D7-99CB41360658}.Release|Any CPU.ActiveCfg = Release|Any CPU
		{644FE7D4-0184-400F-B2D7-99CB41360658}.Release|Any CPU.Build.0 = Release|Any CPU
		{644FE7D4-0184-400F-B2D7-99CB41360658}.v4.0-Debug|Any CPU.ActiveCfg = v4.0-Debug|Any CPU
		{644FE7D4-0184-400F-B2D7-99CB41360658}.v4.0-Debug|Any CPU.Build.0 = v4.0-Debug|Any CPU
		{644FE7D4-0184-400F-B2D7-99CB41360658}.v4.0-Release|Any CPU.ActiveCfg = v4.0-Release|Any CPU
		{644FE7D4-0184-400F-B2D7-99CB41360658}.v4.0-Release|Any CPU.Build.0 = v4.0-Release|Any CPU
		{6E45F1A3-D3CD-47EB-99D4-FD3BD558CB87}.Debug|Any CPU.ActiveCfg = Debug|Any CPU
		{6E45F1A3-D3CD-47EB-99D4-FD3BD558CB87}.Debug|Any CPU.Build.0 = Debug|Any CPU
		{6E45F1A3-D3CD-47EB-99D4-FD3BD558CB87}.Release|Any CPU.ActiveCfg = Release|Any CPU
		{6E45F1A3-D3CD-47EB-99D4-FD3BD558CB87}.Release|Any CPU.Build.0 = Release|Any CPU
		{6E45F1A3-D3CD-47EB-99D4-FD3BD558CB87}.v4.0-Debug|Any CPU.ActiveCfg = Debug|Any CPU
		{6E45F1A3-D3CD-47EB-99D4-FD3BD558CB87}.v4.0-Debug|Any CPU.Build.0 = Debug|Any CPU
		{6E45F1A3-D3CD-47EB-99D4-FD3BD558CB87}.v4.0-Release|Any CPU.ActiveCfg = Release|Any CPU
		{6E45F1A3-D3CD-47EB-99D4-FD3BD558CB87}.v4.0-Release|Any CPU.Build.0 = Release|Any CPU
		{FEFCA397-D55A-477D-A165-2954E1C64557}.Debug|Any CPU.ActiveCfg = Debug|Any CPU
		{FEFCA397-D55A-477D-A165-2954E1C64557}.Debug|Any CPU.Build.0 = Debug|Any CPU
		{FEFCA397-D55A-477D-A165-2954E1C64557}.Release|Any CPU.ActiveCfg = Release|Any CPU
		{FEFCA397-D55A-477D-A165-2954E1C64557}.Release|Any CPU.Build.0 = Release|Any CPU
		{FEFCA397-D55A-477D-A165-2954E1C64557}.v4.0-Debug|Any CPU.ActiveCfg = Debug|Any CPU
		{FEFCA397-D55A-477D-A165-2954E1C64557}.v4.0-Debug|Any CPU.Build.0 = Debug|Any CPU
		{FEFCA397-D55A-477D-A165-2954E1C64557}.v4.0-Release|Any CPU.ActiveCfg = Release|Any CPU
		{FEFCA397-D55A-477D-A165-2954E1C64557}.v4.0-Release|Any CPU.Build.0 = Release|Any CPU
	EndGlobalSection
	GlobalSection(SolutionProperties) = preSolution
		HideSolutionNode = FALSE
	EndGlobalSection
	GlobalSection(NestedProjects) = preSolution
		{C6E025EE-DD6F-48FD-9408-4ADE3B6DC1FA} = {68816C49-09C2-43C4-931D-7060245F6AA7}
		{DD0FDA32-339C-47ED-AAD2-6765DB30BAC5} = {68816C49-09C2-43C4-931D-7060245F6AA7}
		{457594C2-B275-4F34-A762-4380031A94C0} = {68816C49-09C2-43C4-931D-7060245F6AA7}
	EndGlobalSection
	GlobalSection(ExtensibilityGlobals) = postSolution
		SolutionGuid = {DD3504E5-B0EB-42BC-ADA6-60FC90295A8E}
	EndGlobalSection
EndGlobal
